
Microsoft Visual Studio Solution File, Format Version 12.00
# Visual Studio 15
Project("{FAE04EC0-301F-11D3-BF4B-00C04F79EFBC}") = "Assembly-CSharp", "Assembly-CSharp.csproj", "{710314BB-3B45-DFD7-F1E8-8D8134F1E47C}"
EndProject
Project("{FAE04EC0-301F-11D3-BF4B-00C04F79EFBC}") = "Assembly-CSharp-Editor", "Assembly-CSharp-Editor.csproj", "{E78692C2-289D-AF8C-E892-5233C119296E}"
EndProject
Global
	GlobalSection(SolutionConfigurationPlatforms) = preSolution
		Debug|Any CPU = Debug|Any CPU
		Release|Any CPU = Release|Any CPU
	EndGlobalSection
	GlobalSection(ProjectConfigurationPlatforms) = postSolution
		{710314BB-3B45-DFD7-F1E8-8D8134F1E47C}.Debug|Any CPU.ActiveCfg = Debug|Any CPU
		{710314BB-3B45-DFD7-F1E8-8D8134F1E47C}.Debug|Any CPU.Build.0 = Debug|Any CPU
		{710314BB-3B45-DFD7-F1E8-8D8134F1E47C}.Release|Any CPU.ActiveCfg = Release|Any CPU
		{710314BB-3B45-DFD7-F1E8-8D8134F1E47C}.Release|Any CPU.Build.0 = Release|Any CPU
		{E78692C2-289D-AF8C-E892-5233C119296E}.Debug|Any CPU.ActiveCfg = Debug|Any CPU
		{E78692C2-289D-AF8C-E892-5233C119296E}.Debug|Any CPU.Build.0 = Debug|Any CPU
		{E78692C2-289D-AF8C-E892-5233C119296E}.Release|Any CPU.ActiveCfg = Release|Any CPU
		{E78692C2-289D-AF8C-E892-5233C119296E}.Release|Any CPU.Build.0 = Release|Any CPU
	EndGlobalSection
	GlobalSection(SolutionProperties) = preSolution
		HideSolutionNode = FALSE
	EndGlobalSection
EndGlobal
